// !$*UTF8*$!
{
	archiveVersion = 1;
	classes = {
	};
	objectVersion = 50;
	objects = {

/* Begin PBXBuildFile section */
		8AA6FA2B243BE8C9001CC640 /* AppDelegate.swift in Sources */ = {isa = PBXBuildFile; fileRef = 8AA6FA2A243BE8C9001CC640 /* AppDelegate.swift */; };
		8AA6FA34243BE8CC001CC640 /* Assets.xcassets in Resources */ = {isa = PBXBuildFile; fileRef = 8AA6FA33243BE8CC001CC640 /* Assets.xcassets */; };
		8AA6FA37243BE8CC001CC640 /* LaunchScreen.storyboard in Resources */ = {isa = PBXBuildFile; fileRef = 8AA6FA35243BE8CC001CC640 /* LaunchScreen.storyboard */; };
		8AA6FA42243BE8CC001CC640 /* testTests.swift in Sources */ = {isa = PBXBuildFile; fileRef = 8AA6FA41243BE8CC001CC640 /* testTests.swift */; };
		8AA6FA4D243BE8CC001CC640 /* testUITests.swift in Sources */ = {isa = PBXBuildFile; fileRef = 8AA6FA4C243BE8CC001CC640 /* testUITests.swift */; };
		8AD32A9F243C23FE001CD087 /* Realm.framework in Frameworks */ = {isa = PBXBuildFile; fileRef = 8AD32A9E243C23FD001CD087 /* Realm.framework */; };
		8AD32AA0243C23FE001CD087 /* Realm.framework in Embed Frameworks */ = {isa = PBXBuildFile; fileRef = 8AD32A9E243C23FD001CD087 /* Realm.framework */; settings = {ATTRIBUTES = (CodeSignOnCopy, RemoveHeadersOnCopy, ); }; };
		8AD32AA9243C2C44001CD087 /* UIView.swift in Sources */ = {isa = PBXBuildFile; fileRef = 8AD32AA8243C2C44001CD087 /* UIView.swift */; };
		8AD32AAB243C2C4D001CD087 /* UIFont.swift in Sources */ = {isa = PBXBuildFile; fileRef = 8AD32AAA243C2C4D001CD087 /* UIFont.swift */; };
		8AD32AAD243C2C97001CD087 /* UIViewController.swift in Sources */ = {isa = PBXBuildFile; fileRef = 8AD32AAC243C2C97001CD087 /* UIViewController.swift */; };
		8AD32AAF243C2CBC001CD087 /* UIColor.swift in Sources */ = {isa = PBXBuildFile; fileRef = 8AD32AAE243C2CBC001CD087 /* UIColor.swift */; };
		8AD32AB8243C2E86001CD087 /* TransactionPresenter.swift in Sources */ = {isa = PBXBuildFile; fileRef = 8AD32AB2243C2E86001CD087 /* TransactionPresenter.swift */; };
		8AD32AB9243C2E86001CD087 /* TransactionWorker.swift in Sources */ = {isa = PBXBuildFile; fileRef = 8AD32AB3243C2E86001CD087 /* TransactionWorker.swift */; };
		8AD32ABA243C2E86001CD087 /* TransactionRouter.swift in Sources */ = {isa = PBXBuildFile; fileRef = 8AD32AB4243C2E86001CD087 /* TransactionRouter.swift */; };
		8AD32ABB243C2E86001CD087 /* TransactionModels.swift in Sources */ = {isa = PBXBuildFile; fileRef = 8AD32AB5243C2E86001CD087 /* TransactionModels.swift */; };
		8AD32ABC243C2E86001CD087 /* TransactionViewController.swift in Sources */ = {isa = PBXBuildFile; fileRef = 8AD32AB6243C2E86001CD087 /* TransactionViewController.swift */; };
		8AD32ABD243C2E86001CD087 /* TransactionInteractor.swift in Sources */ = {isa = PBXBuildFile; fileRef = 8AD32AB7243C2E86001CD087 /* TransactionInteractor.swift */; };
		8AD32AC1243C3889001CD087 /* TransactionView.swift in Sources */ = {isa = PBXBuildFile; fileRef = 8AD32AC0243C3889001CD087 /* TransactionView.swift */; };
		8AD32AC3243C39C8001CD087 /* InputView.swift in Sources */ = {isa = PBXBuildFile; fileRef = 8AD32AC2243C39C8001CD087 /* InputView.swift */; };
		8AD32AC5243C598E001CD087 /* Currency.swift in Sources */ = {isa = PBXBuildFile; fileRef = 8AD32AC4243C598E001CD087 /* Currency.swift */; };
		8AD32AC8243C6F90001CD087 /* Double.swift in Sources */ = {isa = PBXBuildFile; fileRef = 8AD32AC7243C6F90001CD087 /* Double.swift */; };
		8AD32AC9243C7B68001CD087 /* moneydata.json in Resources */ = {isa = PBXBuildFile; fileRef = 8AD32AC6243C629B001CD087 /* moneydata.json */; };
		8AD32AD1243CA01A001CD087 /* CurrenciesPresenter.swift in Sources */ = {isa = PBXBuildFile; fileRef = 8AD32ACB243CA01A001CD087 /* CurrenciesPresenter.swift */; };
		8AD32AD3243CA01A001CD087 /* CurrenciesRouter.swift in Sources */ = {isa = PBXBuildFile; fileRef = 8AD32ACD243CA01A001CD087 /* CurrenciesRouter.swift */; };
		8AD32AD4243CA01A001CD087 /* CurrenciesModels.swift in Sources */ = {isa = PBXBuildFile; fileRef = 8AD32ACE243CA01A001CD087 /* CurrenciesModels.swift */; };
		8AD32AD5243CA01A001CD087 /* CurrenciesViewController.swift in Sources */ = {isa = PBXBuildFile; fileRef = 8AD32ACF243CA01A001CD087 /* CurrenciesViewController.swift */; };
		8AD32AD6243CA01A001CD087 /* CurrenciesInteractor.swift in Sources */ = {isa = PBXBuildFile; fileRef = 8AD32AD0243CA01A001CD087 /* CurrenciesInteractor.swift */; };
		8AD32AD9243CA05B001CD087 /* CurrencyTableViewCell.swift in Sources */ = {isa = PBXBuildFile; fileRef = 8AD32AD8243CA05B001CD087 /* CurrencyTableViewCell.swift */; };
		8AD32ADB243CA5FD001CD087 /* CurrenciesView.swift in Sources */ = {isa = PBXBuildFile; fileRef = 8AD32ADA243CA5FD001CD087 /* CurrenciesView.swift */; };
/* End PBXBuildFile section */

/* Begin PBXContainerItemProxy section */
		8AA6FA3E243BE8CC001CC640 /* PBXContainerItemProxy */ = {
			isa = PBXContainerItemProxy;
			containerPortal = 8AA6FA1F243BE8C9001CC640 /* Project object */;
			proxyType = 1;
			remoteGlobalIDString = 8AA6FA26243BE8C9001CC640;
			remoteInfo = test;
		};
		8AA6FA49243BE8CC001CC640 /* PBXContainerItemProxy */ = {
			isa = PBXContainerItemProxy;
			containerPortal = 8AA6FA1F243BE8C9001CC640 /* Project object */;
			proxyType = 1;
			remoteGlobalIDString = 8AA6FA26243BE8C9001CC640;
			remoteInfo = test;
		};
/* End PBXContainerItemProxy section */

/* Begin PBXCopyFilesBuildPhase section */
		8AD32AA1243C23FE001CD087 /* Embed Frameworks */ = {
			isa = PBXCopyFilesBuildPhase;
			buildActionMask = 2147483647;
			dstPath = "";
			dstSubfolderSpec = 10;
			files = (
				8AD32AA0243C23FE001CD087 /* Realm.framework in Embed Frameworks */,
			);
			name = "Embed Frameworks";
			runOnlyForDeploymentPostprocessing = 0;
		};
/* End PBXCopyFilesBuildPhase section */

/* Begin PBXFileReference section */
		8AA6FA27243BE8C9001CC640 /* test.app */ = {isa = PBXFileReference; explicitFileType = wrapper.application; includeInIndex = 0; path = test.app; sourceTree = BUILT_PRODUCTS_DIR; };
		8AA6FA2A243BE8C9001CC640 /* AppDelegate.swift */ = {isa = PBXFileReference; lastKnownFileType = sourcecode.swift; path = AppDelegate.swift; sourceTree = "<group>"; };
		8AA6FA33243BE8CC001CC640 /* Assets.xcassets */ = {isa = PBXFileReference; lastKnownFileType = folder.assetcatalog; path = Assets.xcassets; sourceTree = "<group>"; };
		8AA6FA36243BE8CC001CC640 /* Base */ = {isa = PBXFileReference; lastKnownFileType = file.storyboard; name = Base; path = Base.lproj/LaunchScreen.storyboard; sourceTree = "<group>"; };
		8AA6FA38243BE8CC001CC640 /* Info.plist */ = {isa = PBXFileReference; lastKnownFileType = text.plist.xml; path = Info.plist; sourceTree = "<group>"; };
		8AA6FA3D243BE8CC001CC640 /* testTests.xctest */ = {isa = PBXFileReference; explicitFileType = wrapper.cfbundle; includeInIndex = 0; path = testTests.xctest; sourceTree = BUILT_PRODUCTS_DIR; };
		8AA6FA41243BE8CC001CC640 /* testTests.swift */ = {isa = PBXFileReference; lastKnownFileType = sourcecode.swift; path = testTests.swift; sourceTree = "<group>"; };
		8AA6FA43243BE8CC001CC640 /* Info.plist */ = {isa = PBXFileReference; lastKnownFileType = text.plist.xml; path = Info.plist; sourceTree = "<group>"; };
		8AA6FA48243BE8CC001CC640 /* testUITests.xctest */ = {isa = PBXFileReference; explicitFileType = wrapper.cfbundle; includeInIndex = 0; path = testUITests.xctest; sourceTree = BUILT_PRODUCTS_DIR; };
		8AA6FA4C243BE8CC001CC640 /* testUITests.swift */ = {isa = PBXFileReference; lastKnownFileType = sourcecode.swift; path = testUITests.swift; sourceTree = "<group>"; };
		8AA6FA4E243BE8CC001CC640 /* Info.plist */ = {isa = PBXFileReference; lastKnownFileType = text.plist.xml; path = Info.plist; sourceTree = "<group>"; };
		8AD32A9E243C23FD001CD087 /* Realm.framework */ = {isa = PBXFileReference; lastKnownFileType = wrapper.framework; name = Realm.framework; path = Carthage/Build/iOS/Realm.framework; sourceTree = "<group>"; };
		8AD32AA8243C2C44001CD087 /* UIView.swift */ = {isa = PBXFileReference; lastKnownFileType = sourcecode.swift; path = UIView.swift; sourceTree = "<group>"; };
		8AD32AAA243C2C4D001CD087 /* UIFont.swift */ = {isa = PBXFileReference; lastKnownFileType = sourcecode.swift; path = UIFont.swift; sourceTree = "<group>"; };
		8AD32AAC243C2C97001CD087 /* UIViewController.swift */ = {isa = PBXFileReference; lastKnownFileType = sourcecode.swift; path = UIViewController.swift; sourceTree = "<group>"; };
		8AD32AAE243C2CBC001CD087 /* UIColor.swift */ = {isa = PBXFileReference; lastKnownFileType = sourcecode.swift; path = UIColor.swift; sourceTree = "<group>"; };
		8AD32AB2243C2E86001CD087 /* TransactionPresenter.swift */ = {isa = PBXFileReference; lastKnownFileType = sourcecode.swift; path = TransactionPresenter.swift; sourceTree = "<group>"; };
		8AD32AB3243C2E86001CD087 /* TransactionWorker.swift */ = {isa = PBXFileReference; lastKnownFileType = sourcecode.swift; path = TransactionWorker.swift; sourceTree = "<group>"; };
		8AD32AB4243C2E86001CD087 /* TransactionRouter.swift */ = {isa = PBXFileReference; lastKnownFileType = sourcecode.swift; path = TransactionRouter.swift; sourceTree = "<group>"; };
		8AD32AB5243C2E86001CD087 /* TransactionModels.swift */ = {isa = PBXFileReference; lastKnownFileType = sourcecode.swift; path = TransactionModels.swift; sourceTree = "<group>"; };
		8AD32AB6243C2E86001CD087 /* TransactionViewController.swift */ = {isa = PBXFileReference; lastKnownFileType = sourcecode.swift; path = TransactionViewController.swift; sourceTree = "<group>"; };
		8AD32AB7243C2E86001CD087 /* TransactionInteractor.swift */ = {isa = PBXFileReference; lastKnownFileType = sourcecode.swift; path = TransactionInteractor.swift; sourceTree = "<group>"; };
		8AD32AC0243C3889001CD087 /* TransactionView.swift */ = {isa = PBXFileReference; lastKnownFileType = sourcecode.swift; path = TransactionView.swift; sourceTree = "<group>"; };
		8AD32AC2243C39C8001CD087 /* InputView.swift */ = {isa = PBXFileReference; lastKnownFileType = sourcecode.swift; path = InputView.swift; sourceTree = "<group>"; };
		8AD32AC4243C598E001CD087 /* Currency.swift */ = {isa = PBXFileReference; lastKnownFileType = sourcecode.swift; path = Currency.swift; sourceTree = "<group>"; };
		8AD32AC6243C629B001CD087 /* moneydata.json */ = {isa = PBXFileReference; lastKnownFileType = text.json; path = moneydata.json; sourceTree = "<group>"; };
		8AD32AC7243C6F90001CD087 /* Double.swift */ = {isa = PBXFileReference; lastKnownFileType = sourcecode.swift; path = Double.swift; sourceTree = "<group>"; };
		8AD32ACB243CA01A001CD087 /* CurrenciesPresenter.swift */ = {isa = PBXFileReference; lastKnownFileType = sourcecode.swift; path = CurrenciesPresenter.swift; sourceTree = "<group>"; };
		8AD32ACD243CA01A001CD087 /* CurrenciesRouter.swift */ = {isa = PBXFileReference; lastKnownFileType = sourcecode.swift; path = CurrenciesRouter.swift; sourceTree = "<group>"; };
		8AD32ACE243CA01A001CD087 /* CurrenciesModels.swift */ = {isa = PBXFileReference; lastKnownFileType = sourcecode.swift; path = CurrenciesModels.swift; sourceTree = "<group>"; };
		8AD32ACF243CA01A001CD087 /* CurrenciesViewController.swift */ = {isa = PBXFileReference; lastKnownFileType = sourcecode.swift; path = CurrenciesViewController.swift; sourceTree = "<group>"; };
		8AD32AD0243CA01A001CD087 /* CurrenciesInteractor.swift */ = {isa = PBXFileReference; lastKnownFileType = sourcecode.swift; path = CurrenciesInteractor.swift; sourceTree = "<group>"; };
		8AD32AD8243CA05B001CD087 /* CurrencyTableViewCell.swift */ = {isa = PBXFileReference; lastKnownFileType = sourcecode.swift; path = CurrencyTableViewCell.swift; sourceTree = "<group>"; };
		8AD32ADA243CA5FD001CD087 /* CurrenciesView.swift */ = {isa = PBXFileReference; lastKnownFileType = sourcecode.swift; path = CurrenciesView.swift; sourceTree = "<group>"; };
/* End PBXFileReference section */

/* Begin PBXFrameworksBuildPhase section */
		8AA6FA24243BE8C9001CC640 /* Frameworks */ = {
			isa = PBXFrameworksBuildPhase;
			buildActionMask = 2147483647;
			files = (
				8AD32A9F243C23FE001CD087 /* Realm.framework in Frameworks */,
			);
			runOnlyForDeploymentPostprocessing = 0;
		};
		8AA6FA3A243BE8CC001CC640 /* Frameworks */ = {
			isa = PBXFrameworksBuildPhase;
			buildActionMask = 2147483647;
			files = (
			);
			runOnlyForDeploymentPostprocessing = 0;
		};
		8AA6FA45243BE8CC001CC640 /* Frameworks */ = {
			isa = PBXFrameworksBuildPhase;
			buildActionMask = 2147483647;
			files = (
			);
			runOnlyForDeploymentPostprocessing = 0;
		};
/* End PBXFrameworksBuildPhase section */

/* Begin PBXGroup section */
		8AA6FA1E243BE8C9001CC640 = {
			isa = PBXGroup;
			children = (
				8AA6FA29243BE8C9001CC640 /* test */,
				8AA6FA40243BE8CC001CC640 /* testTests */,
				8AA6FA4B243BE8CC001CC640 /* testUITests */,
				8AA6FA28243BE8C9001CC640 /* Products */,
				8AD32A9D243C23FD001CD087 /* Frameworks */,
			);
			sourceTree = "<group>";
		};
		8AA6FA28243BE8C9001CC640 /* Products */ = {
			isa = PBXGroup;
			children = (
				8AA6FA27243BE8C9001CC640 /* test.app */,
				8AA6FA3D243BE8CC001CC640 /* testTests.xctest */,
				8AA6FA48243BE8CC001CC640 /* testUITests.xctest */,
			);
			name = Products;
			sourceTree = "<group>";
		};
		8AA6FA29243BE8C9001CC640 /* test */ = {
			isa = PBXGroup;
			children = (
				8AD32AB0243C2E3C001CD087 /* Modules */,
				8AD32AA4243C2BF0001CD087 /* Resource */,
				8AD32AA3243C2BBC001CD087 /* Models */,
				8AA6FA2A243BE8C9001CC640 /* AppDelegate.swift */,
				8AA6FA33243BE8CC001CC640 /* Assets.xcassets */,
				8AA6FA35243BE8CC001CC640 /* LaunchScreen.storyboard */,
				8AA6FA38243BE8CC001CC640 /* Info.plist */,
			);
			path = test;
			sourceTree = "<group>";
		};
		8AA6FA40243BE8CC001CC640 /* testTests */ = {
			isa = PBXGroup;
			children = (
				8AA6FA41243BE8CC001CC640 /* testTests.swift */,
				8AA6FA43243BE8CC001CC640 /* Info.plist */,
			);
			path = testTests;
			sourceTree = "<group>";
		};
		8AA6FA4B243BE8CC001CC640 /* testUITests */ = {
			isa = PBXGroup;
			children = (
				8AA6FA4C243BE8CC001CC640 /* testUITests.swift */,
				8AA6FA4E243BE8CC001CC640 /* Info.plist */,
			);
			path = testUITests;
			sourceTree = "<group>";
		};
		8AD32A9D243C23FD001CD087 /* Frameworks */ = {
			isa = PBXGroup;
			children = (
				8AD32A9E243C23FD001CD087 /* Realm.framework */,
			);
			name = Frameworks;
			sourceTree = "<group>";
		};
		8AD32AA3243C2BBC001CD087 /* Models */ = {
			isa = PBXGroup;
			children = (
				8AD32AC4243C598E001CD087 /* Currency.swift */,
				8AD32AC6243C629B001CD087 /* moneydata.json */,
			);
			path = Models;
			sourceTree = "<group>";
		};
		8AD32AA4243C2BF0001CD087 /* Resource */ = {
			isa = PBXGroup;
			children = (
				8AD32AA5243C2C14001CD087 /* Extensions */,
			);
			path = Resource;
			sourceTree = "<group>";
		};
		8AD32AA5243C2C14001CD087 /* Extensions */ = {
			isa = PBXGroup;
			children = (
				8AD32AA8243C2C44001CD087 /* UIView.swift */,
				8AD32AAA243C2C4D001CD087 /* UIFont.swift */,
				8AD32AAC243C2C97001CD087 /* UIViewController.swift */,
				8AD32AAE243C2CBC001CD087 /* UIColor.swift */,
				8AD32AC7243C6F90001CD087 /* Double.swift */,
			);
			path = Extensions;
			sourceTree = "<group>";
		};
		8AD32AB0243C2E3C001CD087 /* Modules */ = {
			isa = PBXGroup;
			children = (
				8AD32ACA243C9FFF001CD087 /* Currencies */,
				8AD32AB1243C2E57001CD087 /* Transaction */,
			);
			path = Modules;
			sourceTree = "<group>";
		};
		8AD32AB1243C2E57001CD087 /* Transaction */ = {
			isa = PBXGroup;
			children = (
				8AD32ABF243C3857001CD087 /* Views */,
				8AD32AB2243C2E86001CD087 /* TransactionPresenter.swift */,
				8AD32AB3243C2E86001CD087 /* TransactionWorker.swift */,
				8AD32AB4243C2E86001CD087 /* TransactionRouter.swift */,
				8AD32AB5243C2E86001CD087 /* TransactionModels.swift */,
				8AD32AB6243C2E86001CD087 /* TransactionViewController.swift */,
				8AD32AB7243C2E86001CD087 /* TransactionInteractor.swift */,
			);
			path = Transaction;
			sourceTree = "<group>";
		};
		8AD32ABF243C3857001CD087 /* Views */ = {
			isa = PBXGroup;
			children = (
				8AD32AC0243C3889001CD087 /* TransactionView.swift */,
				8AD32AC2243C39C8001CD087 /* InputView.swift */,
			);
			path = Views;
			sourceTree = "<group>";
		};
		8AD32ACA243C9FFF001CD087 /* Currencies */ = {
			isa = PBXGroup;
			children = (
				8AD32AD7243CA022001CD087 /* Views */,
				8AD32ACB243CA01A001CD087 /* CurrenciesPresenter.swift */,
				8AD32ACD243CA01A001CD087 /* CurrenciesRouter.swift */,
				8AD32ACE243CA01A001CD087 /* CurrenciesModels.swift */,
				8AD32ACF243CA01A001CD087 /* CurrenciesViewController.swift */,
				8AD32AD0243CA01A001CD087 /* CurrenciesInteractor.swift */,
			);
			path = Currencies;
			sourceTree = "<group>";
		};
		8AD32AD7243CA022001CD087 /* Views */ = {
			isa = PBXGroup;
			children = (
				8AD32AD8243CA05B001CD087 /* CurrencyTableViewCell.swift */,
				8AD32ADA243CA5FD001CD087 /* CurrenciesView.swift */,
			);
			path = Views;
			sourceTree = "<group>";
		};
/* End PBXGroup section */

/* Begin PBXNativeTarget section */
		8AA6FA26243BE8C9001CC640 /* test */ = {
			isa = PBXNativeTarget;
			buildConfigurationList = 8AA6FA51243BE8CC001CC640 /* Build configuration list for PBXNativeTarget "test" */;
			buildPhases = (
				8AA6FA23243BE8C9001CC640 /* Sources */,
				8AA6FA24243BE8C9001CC640 /* Frameworks */,
				8AA6FA25243BE8C9001CC640 /* Resources */,
				8AD32AA1243C23FE001CD087 /* Embed Frameworks */,
				8AD32AA2243C2435001CD087 /* Carthage */,
			);
			buildRules = (
			);
			dependencies = (
			);
			name = test;
			productName = test;
			productReference = 8AA6FA27243BE8C9001CC640 /* test.app */;
			productType = "com.apple.product-type.application";
		};
		8AA6FA3C243BE8CC001CC640 /* testTests */ = {
			isa = PBXNativeTarget;
			buildConfigurationList = 8AA6FA54243BE8CC001CC640 /* Build configuration list for PBXNativeTarget "testTests" */;
			buildPhases = (
				8AA6FA39243BE8CC001CC640 /* Sources */,
				8AA6FA3A243BE8CC001CC640 /* Frameworks */,
				8AA6FA3B243BE8CC001CC640 /* Resources */,
			);
			buildRules = (
			);
			dependencies = (
				8AA6FA3F243BE8CC001CC640 /* PBXTargetDependency */,
			);
			name = testTests;
			productName = testTests;
			productReference = 8AA6FA3D243BE8CC001CC640 /* testTests.xctest */;
			productType = "com.apple.product-type.bundle.unit-test";
		};
		8AA6FA47243BE8CC001CC640 /* testUITests */ = {
			isa = PBXNativeTarget;
			buildConfigurationList = 8AA6FA57243BE8CC001CC640 /* Build configuration list for PBXNativeTarget "testUITests" */;
			buildPhases = (
				8AA6FA44243BE8CC001CC640 /* Sources */,
				8AA6FA45243BE8CC001CC640 /* Frameworks */,
				8AA6FA46243BE8CC001CC640 /* Resources */,
			);
			buildRules = (
			);
			dependencies = (
				8AA6FA4A243BE8CC001CC640 /* PBXTargetDependency */,
			);
			name = testUITests;
			productName = testUITests;
			productReference = 8AA6FA48243BE8CC001CC640 /* testUITests.xctest */;
			productType = "com.apple.product-type.bundle.ui-testing";
		};
/* End PBXNativeTarget section */

/* Begin PBXProject section */
		8AA6FA1F243BE8C9001CC640 /* Project object */ = {
			isa = PBXProject;
			attributes = {
				LastSwiftUpdateCheck = 1130;
				LastUpgradeCheck = 1130;
				ORGANIZATIONNAME = "Daniel Salhuana";
				TargetAttributes = {
					8AA6FA26243BE8C9001CC640 = {
						CreatedOnToolsVersion = 11.3.1;
					};
					8AA6FA3C243BE8CC001CC640 = {
						CreatedOnToolsVersion = 11.3.1;
						TestTargetID = 8AA6FA26243BE8C9001CC640;
					};
					8AA6FA47243BE8CC001CC640 = {
						CreatedOnToolsVersion = 11.3.1;
						TestTargetID = 8AA6FA26243BE8C9001CC640;
					};
				};
			};
			buildConfigurationList = 8AA6FA22243BE8C9001CC640 /* Build configuration list for PBXProject "test" */;
			compatibilityVersion = "Xcode 9.3";
			developmentRegion = en;
			hasScannedForEncodings = 0;
			knownRegions = (
				en,
				Base,
			);
			mainGroup = 8AA6FA1E243BE8C9001CC640;
			productRefGroup = 8AA6FA28243BE8C9001CC640 /* Products */;
			projectDirPath = "";
			projectRoot = "";
			targets = (
				8AA6FA26243BE8C9001CC640 /* test */,
				8AA6FA3C243BE8CC001CC640 /* testTests */,
				8AA6FA47243BE8CC001CC640 /* testUITests */,
			);
		};
/* End PBXProject section */

/* Begin PBXResourcesBuildPhase section */
		8AA6FA25243BE8C9001CC640 /* Resources */ = {
			isa = PBXResourcesBuildPhase;
			buildActionMask = 2147483647;
			files = (
				8AD32AC9243C7B68001CD087 /* moneydata.json in Resources */,
				8AA6FA37243BE8CC001CC640 /* LaunchScreen.storyboard in Resources */,
				8AA6FA34243BE8CC001CC640 /* Assets.xcassets in Resources */,
			);
			runOnlyForDeploymentPostprocessing = 0;
		};
		8AA6FA3B243BE8CC001CC640 /* Resources */ = {
			isa = PBXResourcesBuildPhase;
			buildActionMask = 2147483647;
			files = (
			);
			runOnlyForDeploymentPostprocessing = 0;
		};
		8AA6FA46243BE8CC001CC640 /* Resources */ = {
			isa = PBXResourcesBuildPhase;
			buildActionMask = 2147483647;
			files = (
			);
			runOnlyForDeploymentPostprocessing = 0;
		};
/* End PBXResourcesBuildPhase section */

/* Begin PBXShellScriptBuildPhase section */
		8AD32AA2243C2435001CD087 /* Carthage */ = {
			isa = PBXShellScriptBuildPhase;
			buildActionMask = 2147483647;
			files = (
			);
			inputFileListPaths = (
			);
			inputPaths = (
				"$(SRCROOT)/Carthage/Build/iOS/Realm.framework",
			);
			name = Carthage;
			outputFileListPaths = (
			);
			outputPaths = (
			);
			runOnlyForDeploymentPostprocessing = 0;
			shellPath = /bin/sh;
			shellScript = "/usr/local/bin/carthage copy-frameworks\n";
		};
/* End PBXShellScriptBuildPhase section */

/* Begin PBXSourcesBuildPhase section */
		8AA6FA23243BE8C9001CC640 /* Sources */ = {
			isa = PBXSourcesBuildPhase;
			buildActionMask = 2147483647;
			files = (
				8AD32AA9243C2C44001CD087 /* UIView.swift in Sources */,
				8AD32ABA243C2E86001CD087 /* TransactionRouter.swift in Sources */,
				8AD32AC5243C598E001CD087 /* Currency.swift in Sources */,
				8AD32AD3243CA01A001CD087 /* CurrenciesRouter.swift in Sources */,
				8AD32AD4243CA01A001CD087 /* CurrenciesModels.swift in Sources */,
				8AD32AAF243C2CBC001CD087 /* UIColor.swift in Sources */,
				8AD32AAB243C2C4D001CD087 /* UIFont.swift in Sources */,
				8AD32AB8243C2E86001CD087 /* TransactionPresenter.swift in Sources */,
				8AD32AC1243C3889001CD087 /* TransactionView.swift in Sources */,
				8AD32ABC243C2E86001CD087 /* TransactionViewController.swift in Sources */,
				8AD32AC3243C39C8001CD087 /* InputView.swift in Sources */,
				8AD32ABB243C2E86001CD087 /* TransactionModels.swift in Sources */,
				8AD32AB9243C2E86001CD087 /* TransactionWorker.swift in Sources */,
				8AD32ADB243CA5FD001CD087 /* CurrenciesView.swift in Sources */,
				8AD32AD6243CA01A001CD087 /* CurrenciesInteractor.swift in Sources */,
				8AA6FA2B243BE8C9001CC640 /* AppDelegate.swift in Sources */,
				8AD32AAD243C2C97001CD087 /* UIViewController.swift in Sources */,
				8AD32AD9243CA05B001CD087 /* CurrencyTableViewCell.swift in Sources */,
				8AD32AD5243CA01A001CD087 /* CurrenciesViewController.swift in Sources */,
				8AD32AC8243C6F90001CD087 /* Double.swift in Sources */,
				8AD32ABD243C2E86001CD087 /* TransactionInteractor.swift in Sources */,
				8AD32AD1243CA01A001CD087 /* CurrenciesPresenter.swift in Sources */,
			);
			runOnlyForDeploymentPostprocessing = 0;
		};
		8AA6FA39243BE8CC001CC640 /* Sources */ = {
			isa = PBXSourcesBuildPhase;
			buildActionMask = 2147483647;
			files = (
				8AA6FA42243BE8CC001CC640 /* testTests.swift in Sources */,
			);
			runOnlyForDeploymentPostprocessing = 0;
		};
		8AA6FA44243BE8CC001CC640 /* Sources */ = {
			isa = PBXSourcesBuildPhase;
			buildActionMask = 2147483647;
			files = (
				8AA6FA4D243BE8CC001CC640 /* testUITests.swift in Sources */,
			);
			runOnlyForDeploymentPostprocessing = 0;
		};
/* End PBXSourcesBuildPhase section */

/* Begin PBXTargetDependency section */
		8AA6FA3F243BE8CC001CC640 /* PBXTargetDependency */ = {
			isa = PBXTargetDependency;
			target = 8AA6FA26243BE8C9001CC640 /* test */;
			targetProxy = 8AA6FA3E243BE8CC001CC640 /* PBXContainerItemProxy */;
		};
		8AA6FA4A243BE8CC001CC640 /* PBXTargetDependency */ = {
			isa = PBXTargetDependency;
			target = 8AA6FA26243BE8C9001CC640 /* test */;
			targetProxy = 8AA6FA49243BE8CC001CC640 /* PBXContainerItemProxy */;
		};
/* End PBXTargetDependency section */

/* Begin PBXVariantGroup section */
		8AA6FA35243BE8CC001CC640 /* LaunchScreen.storyboard */ = {
			isa = PBXVariantGroup;
			children = (
				8AA6FA36243BE8CC001CC640 /* Base */,
			);
			name = LaunchScreen.storyboard;
			sourceTree = "<group>";
		};
/* End PBXVariantGroup section */

/* Begin XCBuildConfiguration section */
		8AA6FA4F243BE8CC001CC640 /* Debug */ = {
			isa = XCBuildConfiguration;
			buildSettings = {
				ALWAYS_SEARCH_USER_PATHS = NO;
				CLANG_ANALYZER_NONNULL = YES;
				CLANG_ANALYZER_NUMBER_OBJECT_CONVERSION = YES_AGGRESSIVE;
				CLANG_CXX_LANGUAGE_STANDARD = "gnu++14";
				CLANG_CXX_LIBRARY = "libc++";
				CLANG_ENABLE_MODULES = YES;
				CLANG_ENABLE_OBJC_ARC = YES;
				CLANG_ENABLE_OBJC_WEAK = YES;
				CLANG_WARN_BLOCK_CAPTURE_AUTORELEASING = YES;
				CLANG_WARN_BOOL_CONVERSION = YES;
				CLANG_WARN_COMMA = YES;
				CLANG_WARN_CONSTANT_CONVERSION = YES;
				CLANG_WARN_DEPRECATED_OBJC_IMPLEMENTATIONS = YES;
				CLANG_WARN_DIRECT_OBJC_ISA_USAGE = YES_ERROR;
				CLANG_WARN_DOCUMENTATION_COMMENTS = YES;
				CLANG_WARN_EMPTY_BODY = YES;
				CLANG_WARN_ENUM_CONVERSION = YES;
				CLANG_WARN_INFINITE_RECURSION = YES;
				CLANG_WARN_INT_CONVERSION = YES;
				CLANG_WARN_NON_LITERAL_NULL_CONVERSION = YES;
				CLANG_WARN_OBJC_IMPLICIT_RETAIN_SELF = YES;
				CLANG_WARN_OBJC_LITERAL_CONVERSION = YES;
				CLANG_WARN_OBJC_ROOT_CLASS = YES_ERROR;
				CLANG_WARN_RANGE_LOOP_ANALYSIS = YES;
				CLANG_WARN_STRICT_PROTOTYPES = YES;
				CLANG_WARN_SUSPICIOUS_MOVE = YES;
				CLANG_WARN_UNGUARDED_AVAILABILITY = YES_AGGRESSIVE;
				CLANG_WARN_UNREACHABLE_CODE = YES;
				CLANG_WARN__DUPLICATE_METHOD_MATCH = YES;
				COPY_PHASE_STRIP = NO;
				DEBUG_INFORMATION_FORMAT = dwarf;
				ENABLE_STRICT_OBJC_MSGSEND = YES;
				ENABLE_TESTABILITY = YES;
				GCC_C_LANGUAGE_STANDARD = gnu11;
				GCC_DYNAMIC_NO_PIC = NO;
				GCC_NO_COMMON_BLOCKS = YES;
				GCC_OPTIMIZATION_LEVEL = 0;
				GCC_PREPROCESSOR_DEFINITIONS = (
					"DEBUG=1",
					"$(inherited)",
				);
				GCC_WARN_64_TO_32_BIT_CONVERSION = YES;
				GCC_WARN_ABOUT_RETURN_TYPE = YES_ERROR;
				GCC_WARN_UNDECLARED_SELECTOR = YES;
				GCC_WARN_UNINITIALIZED_AUTOS = YES_AGGRESSIVE;
				GCC_WARN_UNUSED_FUNCTION = YES;
				GCC_WARN_UNUSED_VARIABLE = YES;
				IPHONEOS_DEPLOYMENT_TARGET = 10.0;
				MTL_ENABLE_DEBUG_INFO = INCLUDE_SOURCE;
				MTL_FAST_MATH = YES;
				ONLY_ACTIVE_ARCH = YES;
				SDKROOT = iphoneos;
				SWIFT_ACTIVE_COMPILATION_CONDITIONS = DEBUG;
				SWIFT_OPTIMIZATION_LEVEL = "-Onone";
			};
			name = Debug;
		};
		8AA6FA50243BE8CC001CC640 /* Release */ = {
			isa = XCBuildConfiguration;
			buildSettings = {
				ALWAYS_SEARCH_USER_PATHS = NO;
				CLANG_ANALYZER_NONNULL = YES;
				CLANG_ANALYZER_NUMBER_OBJECT_CONVERSION = YES_AGGRESSIVE;
				CLANG_CXX_LANGUAGE_STANDARD = "gnu++14";
				CLANG_CXX_LIBRARY = "libc++";
				CLANG_ENABLE_MODULES = YES;
				CLANG_ENABLE_OBJC_ARC = YES;
				CLANG_ENABLE_OBJC_WEAK = YES;
				CLANG_WARN_BLOCK_CAPTURE_AUTORELEASING = YES;
				CLANG_WARN_BOOL_CONVERSION = YES;
				CLANG_WARN_COMMA = YES;
				CLANG_WARN_CONSTANT_CONVERSION = YES;
				CLANG_WARN_DEPRECATED_OBJC_IMPLEMENTATIONS = YES;
				CLANG_WARN_DIRECT_OBJC_ISA_USAGE = YES_ERROR;
				CLANG_WARN_DOCUMENTATION_COMMENTS = YES;
				CLANG_WARN_EMPTY_BODY = YES;
				CLANG_WARN_ENUM_CONVERSION = YES;
				CLANG_WARN_INFINITE_RECURSION = YES;
				CLANG_WARN_INT_CONVERSION = YES;
				CLANG_WARN_NON_LITERAL_NULL_CONVERSION = YES;
				CLANG_WARN_OBJC_IMPLICIT_RETAIN_SELF = YES;
				CLANG_WARN_OBJC_LITERAL_CONVERSION = YES;
				CLANG_WARN_OBJC_ROOT_CLASS = YES_ERROR;
				CLANG_WARN_RANGE_LOOP_ANALYSIS = YES;
				CLANG_WARN_STRICT_PROTOTYPES = YES;
				CLANG_WARN_SUSPICIOUS_MOVE = YES;
				CLANG_WARN_UNGUARDED_AVAILABILITY = YES_AGGRESSIVE;
				CLANG_WARN_UNREACHABLE_CODE = YES;
				CLANG_WARN__DUPLICATE_METHOD_MATCH = YES;
				COPY_PHASE_STRIP = NO;
				DEBUG_INFORMATION_FORMAT = "dwarf-with-dsym";
				ENABLE_NS_ASSERTIONS = NO;
				ENABLE_STRICT_OBJC_MSGSEND = YES;
				GCC_C_LANGUAGE_STANDARD = gnu11;
				GCC_NO_COMMON_BLOCKS = YES;
				GCC_WARN_64_TO_32_BIT_CONVERSION = YES;
				GCC_WARN_ABOUT_RETURN_TYPE = YES_ERROR;
				GCC_WARN_UNDECLARED_SELECTOR = YES;
				GCC_WARN_UNINITIALIZED_AUTOS = YES_AGGRESSIVE;
				GCC_WARN_UNUSED_FUNCTION = YES;
				GCC_WARN_UNUSED_VARIABLE = YES;
				IPHONEOS_DEPLOYMENT_TARGET = 10.0;
				MTL_ENABLE_DEBUG_INFO = NO;
				MTL_FAST_MATH = YES;
				SDKROOT = iphoneos;
				SWIFT_COMPILATION_MODE = wholemodule;
				SWIFT_OPTIMIZATION_LEVEL = "-O";
				VALIDATE_PRODUCT = YES;
			};
			name = Release;
		};
		8AA6FA52243BE8CC001CC640 /* Debug */ = {
			isa = XCBuildConfiguration;
			buildSettings = {
				ASSETCATALOG_COMPILER_APPICON_NAME = AppIcon;
				CODE_SIGN_STYLE = Automatic;
				FRAMEWORK_SEARCH_PATHS = (
					"$(inherited)",
					"$(PROJECT_DIR)/Carthage/Build/iOS",
				);
				INFOPLIST_FILE = test/Info.plist;
				LD_RUNPATH_SEARCH_PATHS = (
					"$(inherited)",
					"@executable_path/Frameworks",
				);
				PRODUCT_BUNDLE_IDENTIFIER = bcp.test;
				PRODUCT_NAME = "$(TARGET_NAME)";
				SWIFT_VERSION = 5.0;
				TARGETED_DEVICE_FAMILY = "1,2";
			};
			name = Debug;
		};
		8AA6FA53243BE8CC001CC640 /* Release */ = {
			isa = XCBuildConfiguration;
			buildSettings = {
				ASSETCATALOG_COMPILER_APPICON_NAME = AppIcon;
				CODE_SIGN_STYLE = Automatic;
				FRAMEWORK_SEARCH_PATHS = (
					"$(inherited)",
					"$(PROJECT_DIR)/Carthage/Build/iOS",
				);
				INFOPLIST_FILE = test/Info.plist;
				LD_RUNPATH_SEARCH_PATHS = (
					"$(inherited)",
					"@executable_path/Frameworks",
				);
				PRODUCT_BUNDLE_IDENTIFIER = bcp.test;
				PRODUCT_NAME = "$(TARGET_NAME)";
				SWIFT_VERSION = 5.0;
				TARGETED_DEVICE_FAMILY = "1,2";
			};
			name = Release;
		};
		8AA6FA55243BE8CC001CC640 /* Debug */ = {
			isa = XCBuildConfiguration;
			buildSettings = {
				ALWAYS_EMBED_SWIFT_STANDARD_LIBRARIES = YES;
				BUNDLE_LOADER = "$(TEST_HOST)";
				CODE_SIGN_STYLE = Automatic;
				INFOPLIST_FILE = testTests/Info.plist;
				IPHONEOS_DEPLOYMENT_TARGET = 13.2;
				LD_RUNPATH_SEARCH_PATHS = (
					"$(inherited)",
					"@executable_path/Frameworks",
					"@loader_path/Frameworks",
				);
				PRODUCT_BUNDLE_IDENTIFIER = bcp.testTests;
				PRODUCT_NAME = "$(TARGET_NAME)";
				SWIFT_VERSION = 5.0;
				TARGETED_DEVICE_FAMILY = "1,2";
				TEST_HOST = "$(BUILT_PRODUCTS_DIR)/test.app/test";
			};
			name = Debug;
		};
		8AA6FA56243BE8CC001CC640 /* Release */ = {
			isa = XCBuildConfiguration;
			buildSettings = {
				ALWAYS_EMBED_SWIFT_STANDARD_LIBRARIES = YES;
				BUNDLE_LOADER = "$(TEST_HOST)";
				CODE_SIGN_STYLE = Automatic;
				INFOPLIST_FILE = testTests/Info.plist;
				IPHONEOS_DEPLOYMENT_TARGET = 13.2;
				LD_RUNPATH_SEARCH_PATHS = (
					"$(inherited)",
					"@executable_path/Frameworks",
					"@loader_path/Frameworks",
				);
				PRODUCT_BUNDLE_IDENTIFIER = bcp.testTests;
				PRODUCT_NAME = "$(TARGET_NAME)";
				SWIFT_VERSION = 5.0;
				TARGETED_DEVICE_FAMILY = "1,2";
				TEST_HOST = "$(BUILT_PRODUCTS_DIR)/test.app/test";
			};
			name = Release;
		};
		8AA6FA58243BE8CC001CC640 /* Debug */ = {
			isa = XCBuildConfiguration;
			buildSettings = {
				ALWAYS_EMBED_SWIFT_STANDARD_LIBRARIES = YES;
				CODE_SIGN_STYLE = Automatic;
				INFOPLIST_FILE = testUITests/Info.plist;
				LD_RUNPATH_SEARCH_PATHS = (
					"$(inherited)",
					"@executable_path/Frameworks",
					"@loader_path/Frameworks",
				);
				PRODUCT_BUNDLE_IDENTIFIER = bcp.testUITests;
				PRODUCT_NAME = "$(TARGET_NAME)";
				SWIFT_VERSION = 5.0;
				TARGETED_DEVICE_FAMILY = "1,2";
				TEST_TARGET_NAME = test;
			};
			name = Debug;
		};
		8AA6FA59243BE8CC001CC640 /* Release */ = {
			isa = XCBuildConfiguration;
			buildSettings = {
				ALWAYS_EMBED_SWIFT_STANDARD_LIBRARIES = YES;
				CODE_SIGN_STYLE = Automatic;
				INFOPLIST_FILE = testUITests/Info.plist;
				LD_RUNPATH_SEARCH_PATHS = (
					"$(inherited)",
					"@executable_path/Frameworks",
					"@loader_path/Frameworks",
				);
				PRODUCT_BUNDLE_IDENTIFIER = bcp.testUITests;
				PRODUCT_NAME = "$(TARGET_NAME)";
				SWIFT_VERSION = 5.0;
				TARGETED_DEVICE_FAMILY = "1,2";
				TEST_TARGET_NAME = test;
			};
			name = Release;
		};
/* End XCBuildConfiguration section */

/* Begin XCConfigurationList section */
		8AA6FA22243BE8C9001CC640 /* Build configuration list for PBXProject "test" */ = {
			isa = XCConfigurationList;
			buildConfigurations = (
				8AA6FA4F243BE8CC001CC640 /* Debug */,
				8AA6FA50243BE8CC001CC640 /* Release */,
			);
			defaultConfigurationIsVisible = 0;
			defaultConfigurationName = Release;
		};
		8AA6FA51243BE8CC001CC640 /* Build configuration list for PBXNativeTarget "test" */ = {
			isa = XCConfigurationList;
			buildConfigurations = (
				8AA6FA52243BE8CC001CC640 /* Debug */,
				8AA6FA53243BE8CC001CC640 /* Release */,
			);
			defaultConfigurationIsVisible = 0;
			defaultConfigurationName = Release;
		};
		8AA6FA54243BE8CC001CC640 /* Build configuration list for PBXNativeTarget "testTests" */ = {
			isa = XCConfigurationList;
			buildConfigurations = (
				8AA6FA55243BE8CC001CC640 /* Debug */,
				8AA6FA56243BE8CC001CC640 /* Release */,
			);
			defaultConfigurationIsVisible = 0;
			defaultConfigurationName = Release;
		};
		8AA6FA57243BE8CC001CC640 /* Build configuration list for PBXNativeTarget "testUITests" */ = {
			isa = XCConfigurationList;
			buildConfigurations = (
				8AA6FA58243BE8CC001CC640 /* Debug */,
				8AA6FA59243BE8CC001CC640 /* Release */,
			);
			defaultConfigurationIsVisible = 0;
			defaultConfigurationName = Release;
		};
/* End XCConfigurationList section */
	};
	rootObject = 8AA6FA1F243BE8C9001CC640 /* Project object */;
}
